
Microsoft Visual Studio Solution File, Format Version 12.00
# Visual Studio Version 16
VisualStudioVersion = 16.0.30907.101
MinimumVisualStudioVersion = 10.0.40219.1
Project("{FAE04EC0-301F-11D3-BF4B-00C04F79EFBC}") = "SyncClient", "SyncV1\SyncClient.csproj", "{ABFA3488-42BE-4DC7-BEB7-F915A45E0C4F}"
EndProject
Project("{FAE04EC0-301F-11D3-BF4B-00C04F79EFBC}") = "DirWindow", "DirWindow\DirWindow.csproj", "{EDC78DA1-DA86-468E-ADB8-1496EDCF42C2}"
EndProject
Project("{FAE04EC0-301F-11D3-BF4B-00C04F79EFBC}") = "AddUserToDirWindow", "AddUserToDir\AddUserToDirWindow.csproj", "{3B636B09-77C2-4986-9F88-2F72FC2632A7}"
EndProject
Project("{9A19103F-16F7-4668-BE54-9A1E7A4F7556}") = "ToolsLib", "ToolsLib\ToolsLib.csproj", "{FF36522F-B93C-474B-80EE-DE7866609B78}"
EndProject
Project("{FAE04EC0-301F-11D3-BF4B-00C04F79EFBC}") = "CreateFolderWindow", "CreateFolderWindow\CreateFolderWindow.csproj", "{FF5BC57B-7236-4BD7-AFFC-5ADF9566EFAC}"
EndProject
Global
	GlobalSection(SolutionConfigurationPlatforms) = preSolution
		Debug|Any CPU = Debug|Any CPU
		Release|Any CPU = Release|Any CPU
	EndGlobalSection
	GlobalSection(ProjectConfigurationPlatforms) = postSolution
		{ABFA3488-42BE-4DC7-BEB7-F915A45E0C4F}.Debug|Any CPU.ActiveCfg = Debug|Any CPU
		{ABFA3488-42BE-4DC7-BEB7-F915A45E0C4F}.Debug|Any CPU.Build.0 = Debug|Any CPU
		{ABFA3488-42BE-4DC7-BEB7-F915A45E0C4F}.Release|Any CPU.ActiveCfg = Release|Any CPU
		{ABFA3488-42BE-4DC7-BEB7-F915A45E0C4F}.Release|Any CPU.Build.0 = Release|Any CPU
		{EDC78DA1-DA86-468E-ADB8-1496EDCF42C2}.Debug|Any CPU.ActiveCfg = Debug|Any CPU
		{EDC78DA1-DA86-468E-ADB8-1496EDCF42C2}.Debug|Any CPU.Build.0 = Debug|Any CPU
		{EDC78DA1-DA86-468E-ADB8-1496EDCF42C2}.Release|Any CPU.ActiveCfg = Release|Any CPU
		{EDC78DA1-DA86-468E-ADB8-1496EDCF42C2}.Release|Any CPU.Build.0 = Release|Any CPU
		{3B636B09-77C2-4986-9F88-2F72FC2632A7}.Debug|Any CPU.ActiveCfg = Debug|Any CPU
		{3B636B09-77C2-4986-9F88-2F72FC2632A7}.Debug|Any CPU.Build.0 = Debug|Any CPU
		{3B636B09-77C2-4986-9F88-2F72FC2632A7}.Release|Any CPU.ActiveCfg = Release|Any CPU
		{3B636B09-77C2-4986-9F88-2F72FC2632A7}.Release|Any CPU.Build.0 = Release|Any CPU
		{FF36522F-B93C-474B-80EE-DE7866609B78}.Debug|Any CPU.ActiveCfg = Debug|Any CPU
		{FF36522F-B93C-474B-80EE-DE7866609B78}.Debug|Any CPU.Build.0 = Debug|Any CPU
		{FF36522F-B93C-474B-80EE-DE7866609B78}.Release|Any CPU.ActiveCfg = Release|Any CPU
		{FF36522F-B93C-474B-80EE-DE7866609B78}.Release|Any CPU.Build.0 = Release|Any CPU
		{FF5BC57B-7236-4BD7-AFFC-5ADF9566EFAC}.Debug|Any CPU.ActiveCfg = Debug|Any CPU
		{FF5BC57B-7236-4BD7-AFFC-5ADF9566EFAC}.Debug|Any CPU.Build.0 = Debug|Any CPU
		{FF5BC57B-7236-4BD7-AFFC-5ADF9566EFAC}.Release|Any CPU.ActiveCfg = Release|Any CPU
		{FF5BC57B-7236-4BD7-AFFC-5ADF9566EFAC}.Release|Any CPU.Build.0 = Release|Any CPU
	EndGlobalSection
	GlobalSection(SolutionProperties) = preSolution
		HideSolutionNode = FALSE
	EndGlobalSection
	GlobalSection(ExtensibilityGlobals) = postSolution
		SolutionGuid = {6BD3E7D8-040A-4210-A361-41DD38772426}
	EndGlobalSection
EndGlobal
